lockfileVersion: '6.0'

settings:
  autoInstallPeers: true
  excludeLinksFromLockfile: false

dependencies:
  nodemailer:
    specifier: ^6.9.14
    version: 6.9.14

packages:

  /nodemailer@6.9.14:
    resolution: {integrity: sha512-Dobp/ebDKBvz91sbtRKhcznLThrKxKt97GI2FAlAyy+fk19j73Uz3sBXolVtmcXjaorivqsbbbjDY+Jkt4/bQA==}
    engines: {node: '>=6.0.0'}
    dev: false
